<?xml version="1.0" encoding="UTF-8" standalone="yes" ?>
<CodeBlocks_project_file>
	<FileVersion major="1" minor="6" />
	<Project>
		<Option title="caos" />
		<Option platforms="Unix;" />
		<Option pch_mode="2" />
		<Option compiler="gcc" />
		<Build>
			<Target title="Debug">
				<Option output="bin/Debug/caos" prefix_auto="1" extension_auto="1" />
				<Option object_output="obj/Debug/" />
				<Option type="1" />
				<Option compiler="gcc" />
				<Compiler>
					<Add option="-g" />
				</Compiler>
				<Linker>
					<Add library="pthread" />
					<Add library="lib/libgtest.a" />
					<Add library="lib/libgtest_main.a" />
					<Add directory="../../googletest/src" />
				</Linker>
			</Target>
			<Target title="Release">
				<Option output="bin/Release/caos" prefix_auto="1" extension_auto="1" />
				<Option object_output="obj/Release/" />
				<Option type="1" />
				<Option compiler="gcc" />
				<Compiler>
					<Add option="-O2" />
				</Compiler>
				<Linker>
					<Add option="-s" />
				</Linker>
			</Target>
			<Target title="Test">
				<Option output="bin/Test/caos" prefix_auto="1" extension_auto="1" />
				<Option object_output="obj/Test/" />
				<Option type="1" />
				<Option compiler="gcc" />
				<Compiler>
					<Add option="-g" />
					<Add directory="../../googletest/include" />
				</Compiler>
				<ResourceCompiler>
					<Add directory="../../googletest/include" />
				</ResourceCompiler>
				<Linker>
					<Add library="pthread" />
					<Add library="lib/libgtest.a" />
					<Add library="lib/libgtest_main.a" />
					<Add directory="../../googletest/include" />
				</Linker>
			</Target>
		</Build>
		<Compiler>
			<Add option="-Wall" />
			<Add option="-fexceptions" />
		</Compiler>
		<Unit filename="include/BUS.h" />
		<Unit filename="include/BusListener.h" />
		<Unit filename="include/BusWritter.h" />
		<Unit filename="include/CAOSHelper.h" />
		<Unit filename="include/Dispatcher.h" />
		<Unit filename="include/FCB.h" />
		<Unit filename="include/FileSystem/FileSystem.h" />
		<Unit filename="include/IO/Disk.h" />
		<Unit filename="include/IO/FCFSIOScheduler.h" />
		<Unit filename="include/IO/IOScheduler.h" />
		<Unit filename="include/IO/SSTFScheduler.h" />
		<Unit filename="include/Kernel.h" />
		<Unit filename="include/KernelConfig.h" />
		<Unit filename="include/PCB.h" />
		<Unit filename="include/Process.h" />
		<Unit filename="include/Processor.h" />
		<Unit filename="include/memory/BaseRegistryTranslator.h" />
		<Unit filename="include/memory/InvalidAddressException.h" />
		<Unit filename="include/memory/MMU.h" />
		<Unit filename="include/memory/PageFrame.h" />
		<Unit filename="include/memory/PagingTranslator.h" />
		<Unit filename="include/memory/ProcessSegment.h" />
		<Unit filename="include/memory/SegmentationFaultException.h" />
		<Unit filename="include/memory/TLB.h" />
		<Unit filename="include/memory/TranslationStrategy.h" />
		<Unit filename="include/scheduler/RoundRobinScheduler.h" />
		<Unit filename="include/scheduler/Scheduler.h" />
		<Unit filename="include/scheduler/SchedulerFactory.h" />
		<Unit filename="src/BUS.cpp" />
		<Unit filename="src/BusWritter.cpp" />
		<Unit filename="src/CAOSHelper.cpp" />
		<Unit filename="src/Dispatcher.cpp" />
		<Unit filename="src/FCB.cpp" />
		<Unit filename="src/FileSystem/FileSystem.cpp" />
		<Unit filename="src/IO/Disk.cpp" />
		<Unit filename="src/IO/FCFSIOScheduler.cpp" />
		<Unit filename="src/IO/IOScheduler.cpp" />
		<Unit filename="src/IO/SSTFScheduler.cpp" />
		<Unit filename="src/Kernel.cpp" />
		<Unit filename="src/KernelConfig.cpp" />
		<Unit filename="src/Main.cpp">
			<Option target="Debug" />
			<Option target="Release" />
		</Unit>
		<Unit filename="src/PCB.cpp" />
		<Unit filename="src/Process.cpp" />
		<Unit filename="src/Processor.cpp">
			<Option weight="39" />
		</Unit>
		<Unit filename="src/memory/BaseRegistryTranslator.cpp" />
		<Unit filename="src/memory/InvalidAddressException.cpp" />
		<Unit filename="src/memory/MMU.cpp" />
		<Unit filename="src/memory/PageFrame.cpp" />
		<Unit filename="src/memory/PagingTranslator.cpp" />
		<Unit filename="src/memory/ProcessSegment.cpp" />
		<Unit filename="src/memory/SegmentationFaultException.cpp" />
		<Unit filename="src/memory/TLB.cpp" />
		<Unit filename="src/scheduler/RoundRobinScheduler.cpp">
			<Option weight="48" />
		</Unit>
		<Unit filename="src/scheduler/SchedulerFactory.cpp" />
		<Unit filename="test/BUSTest.cpp">
			<Option target="Test" />
		</Unit>
		<Unit filename="test/BUSTest.h">
			<Option target="Test" />
		</Unit>
		<Unit filename="test/BaseRegistryTranslatorTest.cpp">
			<Option target="Test" />
		</Unit>
		<Unit filename="test/BaseRegistryTranslatorTest.h">
			<Option target="Test" />
		</Unit>
		<Unit filename="test/DiskTest.cpp">
			<Option target="Test" />
		</Unit>
		<Unit filename="test/DiskTest.h">
			<Option target="Test" />
		</Unit>
		<Unit filename="test/FCFSTest.cpp">
			<Option target="Test" />
		</Unit>
		<Unit filename="test/FCFSTest.h">
			<Option target="Test" />
		</Unit>
		<Unit filename="test/PCBTest.cpp">
			<Option target="Test" />
		</Unit>
		<Unit filename="test/PCBTest.h">
			<Option target="Test" />
		</Unit>
		<Unit filename="test/PagingTranslatorTest.cpp">
			<Option target="Test" />
		</Unit>
		<Unit filename="test/PagingTranslatorTest.h">
			<Option target="Test" />
		</Unit>
		<Unit filename="test/RoundRobinTest.cpp">
			<Option target="Test" />
		</Unit>
		<Unit filename="test/RoundRobinTest.h">
			<Option target="Test" />
		</Unit>
		<Unit filename="test/TestSuite.cpp">
			<Option target="Test" />
		</Unit>
		<Unit filename="version.h" />
		<Extensions>
			<envvars />
			<code_completion />
			<lib_finder disable_auto="1" />
			<debugger />
			<AutoVersioning>
				<Scheme minor_max="10" build_max="0" rev_max="0" rev_rand_max="10" build_times_to_increment_minor="100" />
				<Settings autoincrement="1" date_declarations="1" do_auto_increment="0" ask_to_increment="0" language="C++" svn="0" svn_directory=" " header_path="version.h" />
				<Changes_Log show_changes_editor="0" app_title="released version %M.%m.%b of %p" changeslog_path="ChangesLog.txt" />
				<Code header_guard="VERSION_H" namespace="AutoVersion" prefix=" " />
			</AutoVersioning>
		</Extensions>
	</Project>
</CodeBlocks_project_file>
